
Microsoft Visual Studio Solution File, Format Version 12.00
# Visual Studio Version 17
VisualStudioVersion = 17.5.002.0
MinimumVisualStudioVersion = 10.0.40219.1
Project("{9A19103F-16F7-4668-BE54-9A1E7A4F7556}") = "tde 22-08-2024", "tde 22-08-2024.csproj", "{E7796DE7-E6AF-48D8-9DDE-243585A5673B}"
EndProject
Global
	GlobalSection(SolutionConfigurationPlatforms) = preSolution
		Debug|Any CPU = Debug|Any CPU
		Release|Any CPU = Release|Any CPU
	EndGlobalSection
	GlobalSection(ProjectConfigurationPlatforms) = postSolution
		{E7796DE7-E6AF-48D8-9DDE-243585A5673B}.Debug|Any CPU.ActiveCfg = Debug|Any CPU
		{E7796DE7-E6AF-48D8-9DDE-243585A5673B}.Debug|Any CPU.Build.0 = Debug|Any CPU
		{E7796DE7-E6AF-48D8-9DDE-243585A5673B}.Release|Any CPU.ActiveCfg = Release|Any CPU
		{E7796DE7-E6AF-48D8-9DDE-243585A5673B}.Release|Any CPU.Build.0 = Release|Any CPU
	EndGlobalSection
	GlobalSection(SolutionProperties) = preSolution
		HideSolutionNode = FALSE
	EndGlobalSection
	GlobalSection(ExtensibilityGlobals) = postSolution
		SolutionGuid = {42F10EBC-04EE-4763-AA32-D931042DE79D}
	EndGlobalSection
EndGlobal
